
Microsoft Visual Studio Solution File, Format Version 12.00
# Visual Studio Version 17
VisualStudioVersion = 17.13.35919.96 d17.13
MinimumVisualStudioVersion = 10.0.40219.1
Project("{FAE04EC0-301F-11D3-BF4B-00C04F79EFBC}") = "FinancialPlanner.Blazor", "FinancialPlanner.Blazor\FinancialPlanner.Blazor.csproj", "{8D402178-57B3-481C-86E2-18BE1B76F98F}"
EndProject
Global
	GlobalSection(SolutionConfigurationPlatforms) = preSolution
		Debug|Any CPU = Debug|Any CPU
		Release|Any CPU = Release|Any CPU
	EndGlobalSection
	GlobalSection(ProjectConfigurationPlatforms) = postSolution
		{8D402178-57B3-481C-86E2-18BE1B76F98F}.Debug|Any CPU.ActiveCfg = Debug|Any CPU
		{8D402178-57B3-481C-86E2-18BE1B76F98F}.Debug|Any CPU.Build.0 = Debug|Any CPU
		{8D402178-57B3-481C-86E2-18BE1B76F98F}.Release|Any CPU.ActiveCfg = Release|Any CPU
		{8D402178-57B3-481C-86E2-18BE1B76F98F}.Release|Any CPU.Build.0 = Release|Any CPU
	EndGlobalSection
	GlobalSection(SolutionProperties) = preSolution
		HideSolutionNode = FALSE
	EndGlobalSection
	GlobalSection(ExtensibilityGlobals) = postSolution
		SolutionGuid = {C4BE2C4E-4F6B-42B0-A70F-904B583711DA}
	EndGlobalSection
EndGlobal
